
Microsoft Visual Studio Solution File, Format Version 12.00
# Visual Studio Version 16
VisualStudioVersion = 16.0.30001.183
MinimumVisualStudioVersion = 10.0.40219.1
Project("{8BC9CEB8-8B4A-11D0-8D11-00A0C91BC942}") = "mWebSockets", "mWebSockets.vcxitems", "{DBA58447-AD17-4FC4-B93E-F13189339A48}"
EndProject
Project("{8BC9CEB8-8B4A-11D0-8D11-00A0C91BC942}") = "simple-client", "examples\simple-client\simple-client.vcxproj", "{C5F80730-F44F-4478-BDAE-6634EFC2CA88}"
EndProject
Project("{8BC9CEB8-8B4A-11D0-8D11-00A0C91BC942}") = "simple-server", "examples\simple-server\simple-server.vcxproj", "{8D48F802-B8CE-4E6A-95A1-39A23BFE67D1}"
EndProject
Project("{8BC9CEB8-8B4A-11D0-8D11-00A0C91BC942}") = "chat-client", "examples\chat-client\chat-client.vcxproj", "{0282406C-DE12-451B-8DCF-A8736BB05E80}"
EndProject
Project("{8BC9CEB8-8B4A-11D0-8D11-00A0C91BC942}") = "fuzzingclient", "autobahn-testsuite\test\fuzzingclient\fuzzingclient.vcxproj", "{6C846C75-F24E-4570-B1F2-4413C987A7FF}"
EndProject
Project("{8BC9CEB8-8B4A-11D0-8D11-00A0C91BC942}") = "fuzzingserver", "autobahn-testsuite\test\fuzzingserver\fuzzingserver.vcxproj", "{2B381135-424C-4AE6-AFD0-9FCD20A4C809}"
EndProject
Project("{8BC9CEB8-8B4A-11D0-8D11-00A0C91BC942}") = "fuzzingclient-manual", "autobahn-testsuite\test\fuzzingclient-manual\fuzzingclient-manual.vcxproj", "{AD87B3FF-4404-453D-B9DA-2CDAC0F034CD}"
EndProject
Global
	GlobalSection(SolutionConfigurationPlatforms) = preSolution
		Debug|x86 = Debug|x86
		Release|x86 = Release|x86
	EndGlobalSection
	GlobalSection(ProjectConfigurationPlatforms) = postSolution
		{C5F80730-F44F-4478-BDAE-6634EFC2CA88}.Debug|x86.ActiveCfg = Debug|Win32
		{C5F80730-F44F-4478-BDAE-6634EFC2CA88}.Debug|x86.Build.0 = Debug|Win32
		{C5F80730-F44F-4478-BDAE-6634EFC2CA88}.Release|x86.ActiveCfg = Release|Win32
		{C5F80730-F44F-4478-BDAE-6634EFC2CA88}.Release|x86.Build.0 = Release|Win32
		{8D48F802-B8CE-4E6A-95A1-39A23BFE67D1}.Debug|x86.ActiveCfg = Debug|Win32
		{8D48F802-B8CE-4E6A-95A1-39A23BFE67D1}.Debug|x86.Build.0 = Debug|Win32
		{8D48F802-B8CE-4E6A-95A1-39A23BFE67D1}.Release|x86.ActiveCfg = Release|Win32
		{8D48F802-B8CE-4E6A-95A1-39A23BFE67D1}.Release|x86.Build.0 = Release|Win32
		{0282406C-DE12-451B-8DCF-A8736BB05E80}.Debug|x86.ActiveCfg = Debug|Win32
		{0282406C-DE12-451B-8DCF-A8736BB05E80}.Debug|x86.Build.0 = Debug|Win32
		{0282406C-DE12-451B-8DCF-A8736BB05E80}.Release|x86.ActiveCfg = Release|Win32
		{0282406C-DE12-451B-8DCF-A8736BB05E80}.Release|x86.Build.0 = Release|Win32
		{6C846C75-F24E-4570-B1F2-4413C987A7FF}.Debug|x86.ActiveCfg = Debug|Win32
		{6C846C75-F24E-4570-B1F2-4413C987A7FF}.Debug|x86.Build.0 = Debug|Win32
		{6C846C75-F24E-4570-B1F2-4413C987A7FF}.Release|x86.ActiveCfg = Release|Win32
		{6C846C75-F24E-4570-B1F2-4413C987A7FF}.Release|x86.Build.0 = Release|Win32
		{2B381135-424C-4AE6-AFD0-9FCD20A4C809}.Debug|x86.ActiveCfg = Debug|Win32
		{2B381135-424C-4AE6-AFD0-9FCD20A4C809}.Debug|x86.Build.0 = Debug|Win32
		{2B381135-424C-4AE6-AFD0-9FCD20A4C809}.Release|x86.ActiveCfg = Release|Win32
		{2B381135-424C-4AE6-AFD0-9FCD20A4C809}.Release|x86.Build.0 = Release|Win32
		{AD87B3FF-4404-453D-B9DA-2CDAC0F034CD}.Debug|x86.ActiveCfg = Debug|Win32
		{AD87B3FF-4404-453D-B9DA-2CDAC0F034CD}.Debug|x86.Build.0 = Debug|Win32
		{AD87B3FF-4404-453D-B9DA-2CDAC0F034CD}.Release|x86.ActiveCfg = Release|Win32
		{AD87B3FF-4404-453D-B9DA-2CDAC0F034CD}.Release|x86.Build.0 = Release|Win32
	EndGlobalSection
	GlobalSection(SolutionProperties) = preSolution
		HideSolutionNode = FALSE
	EndGlobalSection
	GlobalSection(ExtensibilityGlobals) = postSolution
		SolutionGuid = {BD5375AA-3427-4D05-8272-809C44655FB2}
	EndGlobalSection
EndGlobal
